// !$*UTF8*$!
{
	archiveVersion = 1;
	classes = {
	};
	objectVersion = 46;
	objects = {

/* Begin PBXBuildFile section */
		0FBD877642E4A6093C8FB717 /* libPods-ChemineesVallee.a in Frameworks */ = {isa = PBXBuildFile; fileRef = C8378F5FCE77F9FAE1A65F81 /* libPods-ChemineesVallee.a */; };
		2C25FF6B1D90321D003819A9 /* main.m in Sources */ = {isa = PBXBuildFile; fileRef = 2C25FF6A1D90321D003819A9 /* main.m */; };
		2C25FF6E1D90321D003819A9 /* AppDelegate.m in Sources */ = {isa = PBXBuildFile; fileRef = 2C25FF6D1D90321D003819A9 /* AppDelegate.m */; };
		2C25FF711D90321D003819A9 /* ScanViewController.m in Sources */ = {isa = PBXBuildFile; fileRef = 2C25FF701D90321D003819A9 /* ScanViewController.m */; };
		2C25FF741D90321D003819A9 /* Main.storyboard in Resources */ = {isa = PBXBuildFile; fileRef = 2C25FF721D90321D003819A9 /* Main.storyboard */; };
		2C25FF761D90321D003819A9 /* Assets.xcassets in Resources */ = {isa = PBXBuildFile; fileRef = 2C25FF751D90321D003819A9 /* Assets.xcassets */; };
		2C25FF791D90321D003819A9 /* LaunchScreen.storyboard in Resources */ = {isa = PBXBuildFile; fileRef = 2C25FF771D90321D003819A9 /* LaunchScreen.storyboard */; };
		2C25FF841D90321D003819A9 /* ChemineesValleeTests.m in Sources */ = {isa = PBXBuildFile; fileRef = 2C25FF831D90321D003819A9 /* ChemineesValleeTests.m */; };
		2C25FF8F1D90321D003819A9 /* ChemineesValleeUITests.m in Sources */ = {isa = PBXBuildFile; fileRef = 2C25FF8E1D90321D003819A9 /* ChemineesValleeUITests.m */; };
		2C59D4151D91EAAB00D48531 /* ActualitesViewController.m in Sources */ = {isa = PBXBuildFile; fileRef = 2C59D4141D91EAAB00D48531 /* ActualitesViewController.m */; };
		2C59D4181D91EBF500D48531 /* LoginViewController.m in Sources */ = {isa = PBXBuildFile; fileRef = 2C59D4171D91EBF500D48531 /* LoginViewController.m */; };
		2CB94B7E1D927BFB00CE8ACC /* ContactViewController.m in Sources */ = {isa = PBXBuildFile; fileRef = 2CB94B7D1D927BFB00CE8ACC /* ContactViewController.m */; };
		2CB94B801D92917200CE8ACC /* DIN-Next-W01-Light.ttf in Resources */ = {isa = PBXBuildFile; fileRef = 2CB94B7F1D92917200CE8ACC /* DIN-Next-W01-Light.ttf */; };
		2CCAF17E1D931E4100AFDCA5 /* EvenementsViewController.m in Sources */ = {isa = PBXBuildFile; fileRef = 2CCAF17D1D931E4100AFDCA5 /* EvenementsViewController.m */; };
		2CCAF1821D9320D100AFDCA5 /* UIColor+CustomColors.m in Sources */ = {isa = PBXBuildFile; fileRef = 2CCAF1811D9320D100AFDCA5 /* UIColor+CustomColors.m */; };
		529DBEF17A59D9928DE2E0BB /* libPods-ChemineesValleeTests.a in Frameworks */ = {isa = PBXBuildFile; fileRef = C15CDCB0681D6CF9B88B5D46 /* libPods-ChemineesValleeTests.a */; };
		746FF5025751A24F07E892D6 /* libPods-ChemineesValleeUITests.a in Frameworks */ = {isa = PBXBuildFile; fileRef = E8A7A1DDCC969EDF9FF2C3C3 /* libPods-ChemineesValleeUITests.a */; };
/* End PBXBuildFile section */

/* Begin PBXContainerItemProxy section */
		2C25FF801D90321D003819A9 /* PBXContainerItemProxy */ = {
			isa = PBXContainerItemProxy;
			containerPortal = 2C25FF5E1D90321D003819A9 /* Project object */;
			proxyType = 1;
			remoteGlobalIDString = 2C25FF651D90321D003819A9;
			remoteInfo = ChemineesVallee;
		};
		2C25FF8B1D90321D003819A9 /* PBXContainerItemProxy */ = {
			isa = PBXContainerItemProxy;
			containerPortal = 2C25FF5E1D90321D003819A9 /* Project object */;
			proxyType = 1;
			remoteGlobalIDString = 2C25FF651D90321D003819A9;
			remoteInfo = ChemineesVallee;
		};
/* End PBXContainerItemProxy section */

/* Begin PBXFileReference section */
		2C25FF661D90321D003819A9 /* ChemineesVallee.app */ = {isa = PBXFileReference; explicitFileType = wrapper.application; includeInIndex = 0; path = ChemineesVallee.app; sourceTree = BUILT_PRODUCTS_DIR; };
		2C25FF6A1D90321D003819A9 /* main.m */ = {isa = PBXFileReference; lastKnownFileType = sourcecode.c.objc; path = main.m; sourceTree = "<group>"; };
		2C25FF6C1D90321D003819A9 /* AppDelegate.h */ = {isa = PBXFileReference; lastKnownFileType = sourcecode.c.h; path = AppDelegate.h; sourceTree = "<group>"; };
		2C25FF6D1D90321D003819A9 /* AppDelegate.m */ = {isa = PBXFileReference; lastKnownFileType = sourcecode.c.objc; path = AppDelegate.m; sourceTree = "<group>"; };
		2C25FF6F1D90321D003819A9 /* ScanViewController.h */ = {isa = PBXFileReference; lastKnownFileType = sourcecode.c.h; path = ScanViewController.h; sourceTree = "<group>"; };
		2C25FF701D90321D003819A9 /* ScanViewController.m */ = {isa = PBXFileReference; lastKnownFileType = sourcecode.c.objc; path = ScanViewController.m; sourceTree = "<group>"; };
		2C25FF731D90321D003819A9 /* Base */ = {isa = PBXFileReference; lastKnownFileType = file.storyboard; name = Base; path = Base.lproj/Main.storyboard; sourceTree = "<group>"; };
		2C25FF751D90321D003819A9 /* Assets.xcassets */ = {isa = PBXFileReference; lastKnownFileType = folder.assetcatalog; path = Assets.xcassets; sourceTree = "<group>"; };
		2C25FF781D90321D003819A9 /* Base */ = {isa = PBXFileReference; lastKnownFileType = file.storyboard; name = Base; path = Base.lproj/LaunchScreen.storyboard; sourceTree = "<group>"; };
		2C25FF7A1D90321D003819A9 /* Info.plist */ = {isa = PBXFileReference; lastKnownFileType = text.plist.xml; path = Info.plist; sourceTree = "<group>"; };
		2C25FF7F1D90321D003819A9 /* ChemineesValleeTests.xctest */ = {isa = PBXFileReference; explicitFileType = wrapper.cfbundle; includeInIndex = 0; path = ChemineesValleeTests.xctest; sourceTree = BUILT_PRODUCTS_DIR; };
		2C25FF831D90321D003819A9 /* ChemineesValleeTests.m */ = {isa = PBXFileReference; lastKnownFileType = sourcecode.c.objc; path = ChemineesValleeTests.m; sourceTree = "<group>"; };
		2C25FF851D90321D003819A9 /* Info.plist */ = {isa = PBXFileReference; lastKnownFileType = text.plist.xml; path = Info.plist; sourceTree = "<group>"; };
		2C25FF8A1D90321D003819A9 /* ChemineesValleeUITests.xctest */ = {isa = PBXFileReference; explicitFileType = wrapper.cfbundle; includeInIndex = 0; path = ChemineesValleeUITests.xctest; sourceTree = BUILT_PRODUCTS_DIR; };
		2C25FF8E1D90321D003819A9 /* ChemineesValleeUITests.m */ = {isa = PBXFileReference; lastKnownFileType = sourcecode.c.objc; path = ChemineesValleeUITests.m; sourceTree = "<group>"; };
		2C25FF901D90321D003819A9 /* Info.plist */ = {isa = PBXFileReference; lastKnownFileType = text.plist.xml; path = Info.plist; sourceTree = "<group>"; };
		2C59D4131D91EAAB00D48531 /* ActualitesViewController.h */ = {isa = PBXFileReference; fileEncoding = 4; lastKnownFileType = sourcecode.c.h; path = ActualitesViewController.h; sourceTree = "<group>"; };
		2C59D4141D91EAAB00D48531 /* ActualitesViewController.m */ = {isa = PBXFileReference; fileEncoding = 4; lastKnownFileType = sourcecode.c.objc; path = ActualitesViewController.m; sourceTree = "<group>"; };
		2C59D4161D91EBF500D48531 /* LoginViewController.h */ = {isa = PBXFileReference; fileEncoding = 4; lastKnownFileType = sourcecode.c.h; path = LoginViewController.h; sourceTree = "<group>"; };
		2C59D4171D91EBF500D48531 /* LoginViewController.m */ = {isa = PBXFileReference; fileEncoding = 4; lastKnownFileType = sourcecode.c.objc; path = LoginViewController.m; sourceTree = "<group>"; };
		2C67B8461D9033F9002DDBFD /* ChemineesVallee.entitlements */ = {isa = PBXFileReference; lastKnownFileType = text.plist.entitlements; path = ChemineesVallee.entitlements; sourceTree = "<group>"; };
		2CB94B7C1D927BFB00CE8ACC /* ContactViewController.h */ = {isa = PBXFileReference; fileEncoding = 4; lastKnownFileType = sourcecode.c.h; path = ContactViewController.h; sourceTree = "<group>"; };
		2CB94B7D1D927BFB00CE8ACC /* ContactViewController.m */ = {isa = PBXFileReference; fileEncoding = 4; lastKnownFileType = sourcecode.c.objc; path = ContactViewController.m; sourceTree = "<group>"; };
		2CB94B7F1D92917200CE8ACC /* DIN-Next-W01-Light.ttf */ = {isa = PBXFileReference; lastKnownFileType = file; path = "DIN-Next-W01-Light.ttf"; sourceTree = "<group>"; };
		2CB94B811D9291EF00CE8ACC /* CustomFonts.h */ = {isa = PBXFileReference; fileEncoding = 4; lastKnownFileType = sourcecode.c.h; path = CustomFonts.h; sourceTree = "<group>"; };
		2CCAF17C1D931E4100AFDCA5 /* EvenementsViewController.h */ = {isa = PBXFileReference; fileEncoding = 4; lastKnownFileType = sourcecode.c.h; path = EvenementsViewController.h; sourceTree = "<group>"; };
		2CCAF17D1D931E4100AFDCA5 /* EvenementsViewController.m */ = {isa = PBXFileReference; fileEncoding = 4; lastKnownFileType = sourcecode.c.objc; path = EvenementsViewController.m; sourceTree = "<group>"; };
		2CCAF1801D9320D100AFDCA5 /* UIColor+CustomColors.h */ = {isa = PBXFileReference; fileEncoding = 4; lastKnownFileType = sourcecode.c.h; path = "UIColor+CustomColors.h"; sourceTree = "<group>"; };
		2CCAF1811D9320D100AFDCA5 /* UIColor+CustomColors.m */ = {isa = PBXFileReference; fileEncoding = 4; lastKnownFileType = sourcecode.c.objc; path = "UIColor+CustomColors.m"; sourceTree = "<group>"; };
		3A571BC3EA9E1192147F3F5D /* Pods-ChemineesVallee.debug.xcconfig */ = {isa = PBXFileReference; includeInIndex = 1; lastKnownFileType = text.xcconfig; name = "Pods-ChemineesVallee.debug.xcconfig"; path = "Pods/Target Support Files/Pods-ChemineesVallee/Pods-ChemineesVallee.debug.xcconfig"; sourceTree = "<group>"; };
		46C2490F538D0C40EB11D186 /* Pods-ChemineesValleeTests.release.xcconfig */ = {isa = PBXFileReference; includeInIndex = 1; lastKnownFileType = text.xcconfig; name = "Pods-ChemineesValleeTests.release.xcconfig"; path = "Pods/Target Support Files/Pods-ChemineesValleeTests/Pods-ChemineesValleeTests.release.xcconfig"; sourceTree = "<group>"; };
		6C171B31DECBF564FA068B38 /* Pods-ChemineesVallee.release.xcconfig */ = {isa = PBXFileReference; includeInIndex = 1; lastKnownFileType = text.xcconfig; name = "Pods-ChemineesVallee.release.xcconfig"; path = "Pods/Target Support Files/Pods-ChemineesVallee/Pods-ChemineesVallee.release.xcconfig"; sourceTree = "<group>"; };
		7FD66026848616791768F0F3 /* Pods-ChemineesValleeUITests.release.xcconfig */ = {isa = PBXFileReference; includeInIndex = 1; lastKnownFileType = text.xcconfig; name = "Pods-ChemineesValleeUITests.release.xcconfig"; path = "Pods/Target Support Files/Pods-ChemineesValleeUITests/Pods-ChemineesValleeUITests.release.xcconfig"; sourceTree = "<group>"; };
		82A50FE051FCD74451FADB4D /* Pods-ChemineesValleeUITests.debug.xcconfig */ = {isa = PBXFileReference; includeInIndex = 1; lastKnownFileType = text.xcconfig; name = "Pods-ChemineesValleeUITests.debug.xcconfig"; path = "Pods/Target Support Files/Pods-ChemineesValleeUITests/Pods-ChemineesValleeUITests.debug.xcconfig"; sourceTree = "<group>"; };
		C15CDCB0681D6CF9B88B5D46 /* libPods-ChemineesValleeTests.a */ = {isa = PBXFileReference; explicitFileType = archive.ar; includeInIndex = 0; path = "libPods-ChemineesValleeTests.a"; sourceTree = BUILT_PRODUCTS_DIR; };
		C8378F5FCE77F9FAE1A65F81 /* libPods-ChemineesVallee.a */ = {isa = PBXFileReference; explicitFileType = archive.ar; includeInIndex = 0; path = "libPods-ChemineesVallee.a"; sourceTree = BUILT_PRODUCTS_DIR; };
		DF485F0C237174E4042B17B3 /* Pods-ChemineesValleeTests.debug.xcconfig */ = {isa = PBXFileReference; includeInIndex = 1; lastKnownFileType = text.xcconfig; name = "Pods-ChemineesValleeTests.debug.xcconfig"; path = "Pods/Target Support Files/Pods-ChemineesValleeTests/Pods-ChemineesValleeTests.debug.xcconfig"; sourceTree = "<group>"; };
		E8A7A1DDCC969EDF9FF2C3C3 /* libPods-ChemineesValleeUITests.a */ = {isa = PBXFileReference; explicitFileType = archive.ar; includeInIndex = 0; path = "libPods-ChemineesValleeUITests.a"; sourceTree = BUILT_PRODUCTS_DIR; };
/* End PBXFileReference section */

/* Begin PBXFrameworksBuildPhase section */
		2C25FF631D90321D003819A9 /* Frameworks */ = {
			isa = PBXFrameworksBuildPhase;
			buildActionMask = 2147483647;
			files = (
				0FBD877642E4A6093C8FB717 /* libPods-ChemineesVallee.a in Frameworks */,
			);
			runOnlyForDeploymentPostprocessing = 0;
		};
		2C25FF7C1D90321D003819A9 /* Frameworks */ = {
			isa = PBXFrameworksBuildPhase;
			buildActionMask = 2147483647;
			files = (
				529DBEF17A59D9928DE2E0BB /* libPods-ChemineesValleeTests.a in Frameworks */,
			);
			runOnlyForDeploymentPostprocessing = 0;
		};
		2C25FF871D90321D003819A9 /* Frameworks */ = {
			isa = PBXFrameworksBuildPhase;
			buildActionMask = 2147483647;
			files = (
				746FF5025751A24F07E892D6 /* libPods-ChemineesValleeUITests.a in Frameworks */,
			);
			runOnlyForDeploymentPostprocessing = 0;
		};
/* End PBXFrameworksBuildPhase section */

/* Begin PBXGroup section */
		2C25FF5D1D90321D003819A9 = {
			isa = PBXGroup;
			children = (
				2C25FF681D90321D003819A9 /* ChemineesVallee */,
				2C25FF821D90321D003819A9 /* ChemineesValleeTests */,
				2C25FF8D1D90321D003819A9 /* ChemineesValleeUITests */,
				2C25FF671D90321D003819A9 /* Products */,
				3F8FC25953E8C05436A593C0 /* Pods */,
				A13B126E1B96DD9252B98C45 /* Frameworks */,
			);
			sourceTree = "<group>";
		};
		2C25FF671D90321D003819A9 /* Products */ = {
			isa = PBXGroup;
			children = (
				2C25FF661D90321D003819A9 /* ChemineesVallee.app */,
				2C25FF7F1D90321D003819A9 /* ChemineesValleeTests.xctest */,
				2C25FF8A1D90321D003819A9 /* ChemineesValleeUITests.xctest */,
			);
			name = Products;
			sourceTree = "<group>";
		};
		2C25FF681D90321D003819A9 /* ChemineesVallee */ = {
			isa = PBXGroup;
			children = (
				2CCAF17F1D931FB800AFDCA5 /* Common */,
				2C67B8461D9033F9002DDBFD /* ChemineesVallee.entitlements */,
				2C25FF6C1D90321D003819A9 /* AppDelegate.h */,
				2C25FF6D1D90321D003819A9 /* AppDelegate.m */,
				2C25FF6F1D90321D003819A9 /* ScanViewController.h */,
				2C25FF701D90321D003819A9 /* ScanViewController.m */,
				2C59D4131D91EAAB00D48531 /* ActualitesViewController.h */,
				2C59D4141D91EAAB00D48531 /* ActualitesViewController.m */,
				2C59D4161D91EBF500D48531 /* LoginViewController.h */,
				2C59D4171D91EBF500D48531 /* LoginViewController.m */,
				2C25FF721D90321D003819A9 /* Main.storyboard */,
				2CCAF17C1D931E4100AFDCA5 /* EvenementsViewController.h */,
				2CCAF17D1D931E4100AFDCA5 /* EvenementsViewController.m */,
				2CB94B7C1D927BFB00CE8ACC /* ContactViewController.h */,
				2CB94B7D1D927BFB00CE8ACC /* ContactViewController.m */,
				2C25FF751D90321D003819A9 /* Assets.xcassets */,
				2C25FF771D90321D003819A9 /* LaunchScreen.storyboard */,
				2C25FF7A1D90321D003819A9 /* Info.plist */,
				2C25FF691D90321D003819A9 /* Supporting Files */,
			);
			path = ChemineesVallee;
			sourceTree = "<group>";
		};
		2C25FF691D90321D003819A9 /* Supporting Files */ = {
			isa = PBXGroup;
			children = (
				2CB94B7F1D92917200CE8ACC /* DIN-Next-W01-Light.ttf */,
				2C25FF6A1D90321D003819A9 /* main.m */,
			);
			name = "Supporting Files";
			sourceTree = "<group>";
		};
		2C25FF821D90321D003819A9 /* ChemineesValleeTests */ = {
			isa = PBXGroup;
			children = (
				2C25FF831D90321D003819A9 /* ChemineesValleeTests.m */,
				2C25FF851D90321D003819A9 /* Info.plist */,
			);
			path = ChemineesValleeTests;
			sourceTree = "<group>";
		};
		2C25FF8D1D90321D003819A9 /* ChemineesValleeUITests */ = {
			isa = PBXGroup;
			children = (
				2C25FF8E1D90321D003819A9 /* ChemineesValleeUITests.m */,
				2C25FF901D90321D003819A9 /* Info.plist */,
			);
			path = ChemineesValleeUITests;
			sourceTree = "<group>";
		};
		2CCAF17F1D931FB800AFDCA5 /* Common */ = {
			isa = PBXGroup;
			children = (
				2CCAF1801D9320D100AFDCA5 /* UIColor+CustomColors.h */,
				2CCAF1811D9320D100AFDCA5 /* UIColor+CustomColors.m */,
				2CB94B811D9291EF00CE8ACC /* CustomFonts.h */,
			);
			name = Common;
			sourceTree = "<group>";
		};
		3F8FC25953E8C05436A593C0 /* Pods */ = {
			isa = PBXGroup;
			children = (
				3A571BC3EA9E1192147F3F5D /* Pods-ChemineesVallee.debug.xcconfig */,
				6C171B31DECBF564FA068B38 /* Pods-ChemineesVallee.release.xcconfig */,
				DF485F0C237174E4042B17B3 /* Pods-ChemineesValleeTests.debug.xcconfig */,
				46C2490F538D0C40EB11D186 /* Pods-ChemineesValleeTests.release.xcconfig */,
				82A50FE051FCD74451FADB4D /* Pods-ChemineesValleeUITests.debug.xcconfig */,
				7FD66026848616791768F0F3 /* Pods-ChemineesValleeUITests.release.xcconfig */,
			);
			name = Pods;
			sourceTree = "<group>";
		};
		A13B126E1B96DD9252B98C45 /* Frameworks */ = {
			isa = PBXGroup;
			children = (
				C8378F5FCE77F9FAE1A65F81 /* libPods-ChemineesVallee.a */,
				C15CDCB0681D6CF9B88B5D46 /* libPods-ChemineesValleeTests.a */,
				E8A7A1DDCC969EDF9FF2C3C3 /* libPods-ChemineesValleeUITests.a */,
			);
			name = Frameworks;
			sourceTree = "<group>";
		};
/* End PBXGroup section */

/* Begin PBXNativeTarget section */
		2C25FF651D90321D003819A9 /* ChemineesVallee */ = {
			isa = PBXNativeTarget;
			buildConfigurationList = 2C25FF931D90321D003819A9 /* Build configuration list for PBXNativeTarget "ChemineesVallee" */;
			buildPhases = (
				3F580BD80D4013BDF4515789 /* [CP] Check Pods Manifest.lock */,
				2C25FF621D90321D003819A9 /* Sources */,
				2C25FF631D90321D003819A9 /* Frameworks */,
				2C25FF641D90321D003819A9 /* Resources */,
				3A596774ECA2A3C5D250148A /* [CP] Embed Pods Frameworks */,
				4AA58C7C653846BEA0FF560C /* [CP] Copy Pods Resources */,
			);
			buildRules = (
			);
			dependencies = (
			);
			name = ChemineesVallee;
			productName = ChemineesVallee;
			productReference = 2C25FF661D90321D003819A9 /* ChemineesVallee.app */;
			productType = "com.apple.product-type.application";
		};
		2C25FF7E1D90321D003819A9 /* ChemineesValleeTests */ = {
			isa = PBXNativeTarget;
			buildConfigurationList = 2C25FF961D90321D003819A9 /* Build configuration list for PBXNativeTarget "ChemineesValleeTests" */;
			buildPhases = (
				6CF291F5B4E984CCFF920EB4 /* [CP] Check Pods Manifest.lock */,
				2C25FF7B1D90321D003819A9 /* Sources */,
				2C25FF7C1D90321D003819A9 /* Frameworks */,
				2C25FF7D1D90321D003819A9 /* Resources */,
				45B4B0337C1EFEFA6D746FB7 /* [CP] Embed Pods Frameworks */,
				7CFD356FD1A972A6892D4F7E /* [CP] Copy Pods Resources */,
			);
			buildRules = (
			);
			dependencies = (
				2C25FF811D90321D003819A9 /* PBXTargetDependency */,
			);
			name = ChemineesValleeTests;
			productName = ChemineesValleeTests;
			productReference = 2C25FF7F1D90321D003819A9 /* ChemineesValleeTests.xctest */;
			productType = "com.apple.product-type.bundle.unit-test";
		};
		2C25FF891D90321D003819A9 /* ChemineesValleeUITests */ = {
			isa = PBXNativeTarget;
			buildConfigurationList = 2C25FF991D90321D003819A9 /* Build configuration list for PBXNativeTarget "ChemineesValleeUITests" */;
			buildPhases = (
				1B945B004B952CF559E43280 /* [CP] Check Pods Manifest.lock */,
				2C25FF861D90321D003819A9 /* Sources */,
				2C25FF871D90321D003819A9 /* Frameworks */,
				2C25FF881D90321D003819A9 /* Resources */,
				5A8795D0B5C509BBCD25E64C /* [CP] Copy Pods Resources */,
			);
			buildRules = (
			);
			dependencies = (
				2C25FF8C1D90321D003819A9 /* PBXTargetDependency */,
			);
			name = ChemineesValleeUITests;
			productName = ChemineesValleeUITests;
			productReference = 2C25FF8A1D90321D003819A9 /* ChemineesValleeUITests.xctest */;
			productType = "com.apple.product-type.bundle.ui-testing";
		};
/* End PBXNativeTarget section */

/* Begin PBXProject section */
		2C25FF5E1D90321D003819A9 /* Project object */ = {
			isa = PBXProject;
			attributes = {
				LastUpgradeCheck = 0800;
				ORGANIZATIONNAME = "Vincent Jardel";
				TargetAttributes = {
					2C25FF651D90321D003819A9 = {
						CreatedOnToolsVersion = 8.0;
						DevelopmentTeam = 2NB67X8DYS;
						ProvisioningStyle = Automatic;
						SystemCapabilities = {
							com.apple.Keychain = {
								enabled = 1;
							};
						};
					};
					2C25FF7E1D90321D003819A9 = {
						CreatedOnToolsVersion = 8.0;
						DevelopmentTeam = 2NB67X8DYS;
						ProvisioningStyle = Automatic;
						TestTargetID = 2C25FF651D90321D003819A9;
					};
					2C25FF891D90321D003819A9 = {
						CreatedOnToolsVersion = 8.0;
						DevelopmentTeam = 2NB67X8DYS;
						ProvisioningStyle = Automatic;
						TestTargetID = 2C25FF651D90321D003819A9;
					};
				};
			};
			buildConfigurationList = 2C25FF611D90321D003819A9 /* Build configuration list for PBXProject "ChemineesVallee" */;
			compatibilityVersion = "Xcode 3.2";
			developmentRegion = English;
			hasScannedForEncodings = 0;
			knownRegions = (
				en,
				Base,
			);
			mainGroup = 2C25FF5D1D90321D003819A9;
			productRefGroup = 2C25FF671D90321D003819A9 /* Products */;
			projectDirPath = "";
			projectRoot = "";
			targets = (
				2C25FF651D90321D003819A9 /* ChemineesVallee */,
				2C25FF7E1D90321D003819A9 /* ChemineesValleeTests */,
				2C25FF891D90321D003819A9 /* ChemineesValleeUITests */,
			);
		};
/* End PBXProject section */

/* Begin PBXResourcesBuildPhase section */
		2C25FF641D90321D003819A9 /* Resources */ = {
			isa = PBXResourcesBuildPhase;
			buildActionMask = 2147483647;
			files = (
				2CB94B801D92917200CE8ACC /* DIN-Next-W01-Light.ttf in Resources */,
				2C25FF791D90321D003819A9 /* LaunchScreen.storyboard in Resources */,
				2C25FF761D90321D003819A9 /* Assets.xcassets in Resources */,
				2C25FF741D90321D003819A9 /* Main.storyboard in Resources */,
			);
			runOnlyForDeploymentPostprocessing = 0;
		};
		2C25FF7D1D90321D003819A9 /* Resources */ = {
			isa = PBXResourcesBuildPhase;
			buildActionMask = 2147483647;
			files = (
			);
			runOnlyForDeploymentPostprocessing = 0;
		};
		2C25FF881D90321D003819A9 /* Resources */ = {
			isa = PBXResourcesBuildPhase;
			buildActionMask = 2147483647;
			files = (
			);
			runOnlyForDeploymentPostprocessing = 0;
		};
/* End PBXResourcesBuildPhase section */

/* Begin PBXShellScriptBuildPhase section */
		1B945B004B952CF559E43280 /* [CP] Check Pods Manifest.lock */ = {
			isa = PBXShellScriptBuildPhase;
			buildActionMask = 2147483647;
			files = (
			);
			inputPaths = (
			);
			name = "[CP] Check Pods Manifest.lock";
			outputPaths = (
			);
			runOnlyForDeploymentPostprocessing = 0;
			shellPath = /bin/sh;
			shellScript = "diff \"${PODS_ROOT}/../Podfile.lock\" \"${PODS_ROOT}/Manifest.lock\" > /dev/null\nif [[ $? != 0 ]] ; then\n    cat << EOM\nerror: The sandbox is not in sync with the Podfile.lock. Run 'pod install' or update your CocoaPods installation.\nEOM\n    exit 1\nfi\n";
			showEnvVarsInLog = 0;
		};
		3A596774ECA2A3C5D250148A /* [CP] Embed Pods Frameworks */ = {
			isa = PBXShellScriptBuildPhase;
			buildActionMask = 2147483647;
			files = (
			);
			inputPaths = (
			);
			name = "[CP] Embed Pods Frameworks";
			outputPaths = (
			);
			runOnlyForDeploymentPostprocessing = 0;
			shellPath = /bin/sh;
			shellScript = "\"${SRCROOT}/Pods/Target Support Files/Pods-ChemineesVallee/Pods-ChemineesVallee-frameworks.sh\"\n";
			showEnvVarsInLog = 0;
		};
		3F580BD80D4013BDF4515789 /* [CP] Check Pods Manifest.lock */ = {
			isa = PBXShellScriptBuildPhase;
			buildActionMask = 2147483647;
			files = (
			);
			inputPaths = (
			);
			name = "[CP] Check Pods Manifest.lock";
			outputPaths = (
			);
			runOnlyForDeploymentPostprocessing = 0;
			shellPath = /bin/sh;
			shellScript = "diff \"${PODS_ROOT}/../Podfile.lock\" \"${PODS_ROOT}/Manifest.lock\" > /dev/null\nif [[ $? != 0 ]] ; then\n    cat << EOM\nerror: The sandbox is not in sync with the Podfile.lock. Run 'pod install' or update your CocoaPods installation.\nEOM\n    exit 1\nfi\n";
			showEnvVarsInLog = 0;
		};
		45B4B0337C1EFEFA6D746FB7 /* [CP] Embed Pods Frameworks */ = {
			isa = PBXShellScriptBuildPhase;
			buildActionMask = 2147483647;
			files = (
			);
			inputPaths = (
			);
			name = "[CP] Embed Pods Frameworks";
			outputPaths = (
			);
			runOnlyForDeploymentPostprocessing = 0;
			shellPath = /bin/sh;
			shellScript = "\"${SRCROOT}/Pods/Target Support Files/Pods-ChemineesValleeTests/Pods-ChemineesValleeTests-frameworks.sh\"\n";
			showEnvVarsInLog = 0;
		};
		4AA58C7C653846BEA0FF560C /* [CP] Copy Pods Resources */ = {
			isa = PBXShellScriptBuildPhase;
			buildActionMask = 2147483647;
			files = (
			);
			inputPaths = (
			);
			name = "[CP] Copy Pods Resources";
			outputPaths = (
			);
			runOnlyForDeploymentPostprocessing = 0;
			shellPath = /bin/sh;
			shellScript = "\"${SRCROOT}/Pods/Target Support Files/Pods-ChemineesVallee/Pods-ChemineesVallee-resources.sh\"\n";
			showEnvVarsInLog = 0;
		};
		5A8795D0B5C509BBCD25E64C /* [CP] Copy Pods Resources */ = {
			isa = PBXShellScriptBuildPhase;
			buildActionMask = 2147483647;
			files = (
			);
			inputPaths = (
			);
			name = "[CP] Copy Pods Resources";
			outputPaths = (
			);
			runOnlyForDeploymentPostprocessing = 0;
			shellPath = /bin/sh;
			shellScript = "\"${SRCROOT}/Pods/Target Support Files/Pods-ChemineesValleeUITests/Pods-ChemineesValleeUITests-resources.sh\"\n";
			showEnvVarsInLog = 0;
		};
		6CF291F5B4E984CCFF920EB4 /* [CP] Check Pods Manifest.lock */ = {
			isa = PBXShellScriptBuildPhase;
			buildActionMask = 2147483647;
			files = (
			);
			inputPaths = (
			);
			name = "[CP] Check Pods Manifest.lock";
			outputPaths = (
			);
			runOnlyForDeploymentPostprocessing = 0;
			shellPath = /bin/sh;
			shellScript = "diff \"${PODS_ROOT}/../Podfile.lock\" \"${PODS_ROOT}/Manifest.lock\" > /dev/null\nif [[ $? != 0 ]] ; then\n    cat << EOM\nerror: The sandbox is not in sync with the Podfile.lock. Run 'pod install' or update your CocoaPods installation.\nEOM\n    exit 1\nfi\n";
			showEnvVarsInLog = 0;
		};
		7CFD356FD1A972A6892D4F7E /* [CP] Copy Pods Resources */ = {
			isa = PBXShellScriptBuildPhase;
			buildActionMask = 2147483647;
			files = (
			);
			inputPaths = (
			);
			name = "[CP] Copy Pods Resources";
			outputPaths = (
			);
			runOnlyForDeploymentPostprocessing = 0;
			shellPath = /bin/sh;
			shellScript = "\"${SRCROOT}/Pods/Target Support Files/Pods-ChemineesValleeTests/Pods-ChemineesValleeTests-resources.sh\"\n";
			showEnvVarsInLog = 0;
		};
/* End PBXShellScriptBuildPhase section */

/* Begin PBXSourcesBuildPhase section */
		2C25FF621D90321D003819A9 /* Sources */ = {
			isa = PBXSourcesBuildPhase;
			buildActionMask = 2147483647;
			files = (
				2C25FF711D90321D003819A9 /* ScanViewController.m in Sources */,
				2CB94B7E1D927BFB00CE8ACC /* ContactViewController.m in Sources */,
				2C25FF6E1D90321D003819A9 /* AppDelegate.m in Sources */,
				2C25FF6B1D90321D003819A9 /* main.m in Sources */,
				2CCAF17E1D931E4100AFDCA5 /* EvenementsViewController.m in Sources */,
				2C59D4151D91EAAB00D48531 /* ActualitesViewController.m in Sources */,
				2CCAF1821D9320D100AFDCA5 /* UIColor+CustomColors.m in Sources */,
				2C59D4181D91EBF500D48531 /* LoginViewController.m in Sources */,
			);
			runOnlyForDeploymentPostprocessing = 0;
		};
		2C25FF7B1D90321D003819A9 /* Sources */ = {
			isa = PBXSourcesBuildPhase;
			buildActionMask = 2147483647;
			files = (
				2C25FF841D90321D003819A9 /* ChemineesValleeTests.m in Sources */,
			);
			runOnlyForDeploymentPostprocessing = 0;
		};
		2C25FF861D90321D003819A9 /* Sources */ = {
			isa = PBXSourcesBuildPhase;
			buildActionMask = 2147483647;
			files = (
				2C25FF8F1D90321D003819A9 /* ChemineesValleeUITests.m in Sources */,
			);
			runOnlyForDeploymentPostprocessing = 0;
		};
/* End PBXSourcesBuildPhase section */

/* Begin PBXTargetDependency section */
		2C25FF811D90321D003819A9 /* PBXTargetDependency */ = {
			isa = PBXTargetDependency;
			target = 2C25FF651D90321D003819A9 /* ChemineesVallee */;
			targetProxy = 2C25FF801D90321D003819A9 /* PBXContainerItemProxy */;
		};
		2C25FF8C1D90321D003819A9 /* PBXTargetDependency */ = {
			isa = PBXTargetDependency;
			target = 2C25FF651D90321D003819A9 /* ChemineesVallee */;
			targetProxy = 2C25FF8B1D90321D003819A9 /* PBXContainerItemProxy */;
		};
/* End PBXTargetDependency section */

/* Begin PBXVariantGroup section */
		2C25FF721D90321D003819A9 /* Main.storyboard */ = {
			isa = PBXVariantGroup;
			children = (
				2C25FF731D90321D003819A9 /* Base */,
			);
			name = Main.storyboard;
			sourceTree = "<group>";
		};
		2C25FF771D90321D003819A9 /* LaunchScreen.storyboard */ = {
			isa = PBXVariantGroup;
			children = (
				2C25FF781D90321D003819A9 /* Base */,
			);
			name = LaunchScreen.storyboard;
			sourceTree = "<group>";
		};
/* End PBXVariantGroup section */

/* Begin XCBuildConfiguration section */
		2C25FF911D90321D003819A9 /* Debug */ = {
			isa = XCBuildConfiguration;
			buildSettings = {
				ALWAYS_SEARCH_USER_PATHS = NO;
				CLANG_ANALYZER_NONNULL = YES;
				CLANG_CXX_LANGUAGE_STANDARD = "gnu++0x";
				CLANG_CXX_LIBRARY = "libc++";
				CLANG_ENABLE_MODULES = YES;
				CLANG_ENABLE_OBJC_ARC = YES;
				CLANG_WARN_BOOL_CONVERSION = YES;
				CLANG_WARN_CONSTANT_CONVERSION = YES;
				CLANG_WARN_DIRECT_OBJC_ISA_USAGE = YES_ERROR;
				CLANG_WARN_DOCUMENTATION_COMMENTS = YES;
				CLANG_WARN_EMPTY_BODY = YES;
				CLANG_WARN_ENUM_CONVERSION = YES;
				CLANG_WARN_INFINITE_RECURSION = YES;
				CLANG_WARN_INT_CONVERSION = YES;
				CLANG_WARN_OBJC_ROOT_CLASS = YES_ERROR;
				CLANG_WARN_SUSPICIOUS_MOVE = YES;
				CLANG_WARN_SUSPICIOUS_MOVES = YES;
				CLANG_WARN_UNREACHABLE_CODE = YES;
				CLANG_WARN__DUPLICATE_METHOD_MATCH = YES;
				"CODE_SIGN_IDENTITY[sdk=iphoneos*]" = "iPhone Developer";
				COPY_PHASE_STRIP = NO;
				DEBUG_INFORMATION_FORMAT = dwarf;
				ENABLE_STRICT_OBJC_MSGSEND = YES;
				ENABLE_TESTABILITY = YES;
				GCC_C_LANGUAGE_STANDARD = gnu99;
				GCC_DYNAMIC_NO_PIC = NO;
				GCC_NO_COMMON_BLOCKS = YES;
				GCC_OPTIMIZATION_LEVEL = 0;
				GCC_PREPROCESSOR_DEFINITIONS = (
					"DEBUG=1",
					"$(inherited)",
				);
				GCC_WARN_64_TO_32_BIT_CONVERSION = YES;
				GCC_WARN_ABOUT_RETURN_TYPE = YES_ERROR;
				GCC_WARN_UNDECLARED_SELECTOR = YES;
				GCC_WARN_UNINITIALIZED_AUTOS = YES_AGGRESSIVE;
				GCC_WARN_UNUSED_FUNCTION = YES;
				GCC_WARN_UNUSED_VARIABLE = YES;
				IPHONEOS_DEPLOYMENT_TARGET = 10.0;
				MTL_ENABLE_DEBUG_INFO = YES;
				ONLY_ACTIVE_ARCH = YES;
				SDKROOT = iphoneos;
				TARGETED_DEVICE_FAMILY = "1,2";
			};
			name = Debug;
		};
		2C25FF921D90321D003819A9 /* Release */ = {
			isa = XCBuildConfiguration;
			buildSettings = {
				ALWAYS_SEARCH_USER_PATHS = NO;
				CLANG_ANALYZER_NONNULL = YES;
				CLANG_CXX_LANGUAGE_STANDARD = "gnu++0x";
				CLANG_CXX_LIBRARY = "libc++";
				CLANG_ENABLE_MODULES = YES;
				CLANG_ENABLE_OBJC_ARC = YES;
				CLANG_WARN_BOOL_CONVERSION = YES;
				CLANG_WARN_CONSTANT_CONVERSION = YES;
				CLANG_WARN_DIRECT_OBJC_ISA_USAGE = YES_ERROR;
				CLANG_WARN_DOCUMENTATION_COMMENTS = YES;
				CLANG_WARN_EMPTY_BODY = YES;
				CLANG_WARN_ENUM_CONVERSION = YES;
				CLANG_WARN_INFINITE_RECURSION = YES;
				CLANG_WARN_INT_CONVERSION = YES;
				CLANG_WARN_OBJC_ROOT_CLASS = YES_ERROR;
				CLANG_WARN_SUSPICIOUS_MOVE = YES;
				CLANG_WARN_SUSPICIOUS_MOVES = YES;
				CLANG_WARN_UNREACHABLE_CODE = YES;
				CLANG_WARN__DUPLICATE_METHOD_MATCH = YES;
				"CODE_SIGN_IDENTITY[sdk=iphoneos*]" = "iPhone Developer";
				COPY_PHASE_STRIP = NO;
				DEBUG_INFORMATION_FORMAT = "dwarf-with-dsym";
				ENABLE_NS_ASSERTIONS = NO;
				ENABLE_STRICT_OBJC_MSGSEND = YES;
				GCC_C_LANGUAGE_STANDARD = gnu99;
				GCC_NO_COMMON_BLOCKS = YES;
				GCC_WARN_64_TO_32_BIT_CONVERSION = YES;
				GCC_WARN_ABOUT_RETURN_TYPE = YES_ERROR;
				GCC_WARN_UNDECLARED_SELECTOR = YES;
				GCC_WARN_UNINITIALIZED_AUTOS = YES_AGGRESSIVE;
				GCC_WARN_UNUSED_FUNCTION = YES;
				GCC_WARN_UNUSED_VARIABLE = YES;
				IPHONEOS_DEPLOYMENT_TARGET = 10.0;
				MTL_ENABLE_DEBUG_INFO = NO;
				SDKROOT = iphoneos;
				TARGETED_DEVICE_FAMILY = "1,2";
				VALIDATE_PRODUCT = YES;
			};
			name = Release;
		};
		2C25FF941D90321D003819A9 /* Debug */ = {
			isa = XCBuildConfiguration;
			baseConfigurationReference = 3A571BC3EA9E1192147F3F5D /* Pods-ChemineesVallee.debug.xcconfig */;
			buildSettings = {
				ASSETCATALOG_COMPILER_APPICON_NAME = AppIcon;
				CODE_SIGN_ENTITLEMENTS = ChemineesVallee/ChemineesVallee.entitlements;
				DEVELOPMENT_TEAM = 2NB67X8DYS;
				INFOPLIST_FILE = ChemineesVallee/Info.plist;
				IPHONEOS_DEPLOYMENT_TARGET = 8.0;
				LD_RUNPATH_SEARCH_PATHS = "$(inherited) @executable_path/Frameworks";
				PRODUCT_BUNDLE_IDENTIFIER = Jardev.ChemineesVallee;
				PRODUCT_NAME = "$(TARGET_NAME)";
			};
			name = Debug;
		};
		2C25FF951D90321D003819A9 /* Release */ = {
			isa = XCBuildConfiguration;
			baseConfigurationReference = 6C171B31DECBF564FA068B38 /* Pods-ChemineesVallee.release.xcconfig */;
			buildSettings = {
				ASSETCATALOG_COMPILER_APPICON_NAME = AppIcon;
				CODE_SIGN_ENTITLEMENTS = ChemineesVallee/ChemineesVallee.entitlements;
				DEVELOPMENT_TEAM = 2NB67X8DYS;
				INFOPLIST_FILE = ChemineesVallee/Info.plist;
				IPHONEOS_DEPLOYMENT_TARGET = 8.0;
				LD_RUNPATH_SEARCH_PATHS = "$(inherited) @executable_path/Frameworks";
				PRODUCT_BUNDLE_IDENTIFIER = Jardev.ChemineesVallee;
				PRODUCT_NAME = "$(TARGET_NAME)";
			};
			name = Release;
		};
		2C25FF971D90321D003819A9 /* Debug */ = {
			isa = XCBuildConfiguration;
			baseConfigurationReference = DF485F0C237174E4042B17B3 /* Pods-ChemineesValleeTests.debug.xcconfig */;
			buildSettings = {
				BUNDLE_LOADER = "$(TEST_HOST)";
				DEVELOPMENT_TEAM = 2NB67X8DYS;
				INFOPLIST_FILE = ChemineesValleeTests/Info.plist;
				LD_RUNPATH_SEARCH_PATHS = "$(inherited) @executable_path/Frameworks @loader_path/Frameworks";
				PRODUCT_BUNDLE_IDENTIFIER = Jardev.ChemineesValleeTests;
				PRODUCT_NAME = "$(TARGET_NAME)";
				TEST_HOST = "$(BUILT_PRODUCTS_DIR)/ChemineesVallee.app/ChemineesVallee";
			};
			name = Debug;
		};
		2C25FF981D90321D003819A9 /* Release */ = {
			isa = XCBuildConfiguration;
			baseConfigurationReference = 46C2490F538D0C40EB11D186 /* Pods-ChemineesValleeTests.release.xcconfig */;
			buildSettings = {
				BUNDLE_LOADER = "$(TEST_HOST)";
				DEVELOPMENT_TEAM = 2NB67X8DYS;
				INFOPLIST_FILE = ChemineesValleeTests/Info.plist;
				LD_RUNPATH_SEARCH_PATHS = "$(inherited) @executable_path/Frameworks @loader_path/Frameworks";
				PRODUCT_BUNDLE_IDENTIFIER = Jardev.ChemineesValleeTests;
				PRODUCT_NAME = "$(TARGET_NAME)";
				TEST_HOST = "$(BUILT_PRODUCTS_DIR)/ChemineesVallee.app/ChemineesVallee";
			};
			name = Release;
		};
		2C25FF9A1D90321D003819A9 /* Debug */ = {
			isa = XCBuildConfiguration;
			baseConfigurationReference = 82A50FE051FCD74451FADB4D /* Pods-ChemineesValleeUITests.debug.xcconfig */;
			buildSettings = {
				DEVELOPMENT_TEAM = 2NB67X8DYS;
				INFOPLIST_FILE = ChemineesValleeUITests/Info.plist;
				LD_RUNPATH_SEARCH_PATHS = "$(inherited) @executable_path/Frameworks @loader_path/Frameworks";
				PRODUCT_BUNDLE_IDENTIFIER = Jardev.ChemineesValleeUITests;
				PRODUCT_NAME = "$(TARGET_NAME)";
				TEST_TARGET_NAME = ChemineesVallee;
			};
			name = Debug;
		};
		2C25FF9B1D90321D003819A9 /* Release */ = {
			isa = XCBuildConfiguration;
			baseConfigurationReference = 7FD66026848616791768F0F3 /* Pods-ChemineesValleeUITests.release.xcconfig */;
			buildSettings = {
				DEVELOPMENT_TEAM = 2NB67X8DYS;
				INFOPLIST_FILE = ChemineesValleeUITests/Info.plist;
				LD_RUNPATH_SEARCH_PATHS = "$(inherited) @executable_path/Frameworks @loader_path/Frameworks";
				PRODUCT_BUNDLE_IDENTIFIER = Jardev.ChemineesValleeUITests;
				PRODUCT_NAME = "$(TARGET_NAME)";
				TEST_TARGET_NAME = ChemineesVallee;
			};
			name = Release;
		};
/* End XCBuildConfiguration section */

/* Begin XCConfigurationList section */
		2C25FF611D90321D003819A9 /* Build configuration list for PBXProject "ChemineesVallee" */ = {
			isa = XCConfigurationList;
			buildConfigurations = (
				2C25FF911D90321D003819A9 /* Debug */,
				2C25FF921D90321D003819A9 /* Release */,
			);
			defaultConfigurationIsVisible = 0;
			defaultConfigurationName = Release;
		};
		2C25FF931D90321D003819A9 /* Build configuration list for PBXNativeTarget "ChemineesVallee" */ = {
			isa = XCConfigurationList;
			buildConfigurations = (
				2C25FF941D90321D003819A9 /* Debug */,
				2C25FF951D90321D003819A9 /* Release */,
			);
			defaultConfigurationIsVisible = 0;
			defaultConfigurationName = Release;
		};
		2C25FF961D90321D003819A9 /* Build configuration list for PBXNativeTarget "ChemineesValleeTests" */ = {
			isa = XCConfigurationList;
			buildConfigurations = (
				2C25FF971D90321D003819A9 /* Debug */,
				2C25FF981D90321D003819A9 /* Release */,
			);
			defaultConfigurationIsVisible = 0;
			defaultConfigurationName = Release;
		};
		2C25FF991D90321D003819A9 /* Build configuration list for PBXNativeTarget "ChemineesValleeUITests" */ = {
			isa = XCConfigurationList;
			buildConfigurations = (
				2C25FF9A1D90321D003819A9 /* Debug */,
				2C25FF9B1D90321D003819A9 /* Release */,
			);
			defaultConfigurationIsVisible = 0;
			defaultConfigurationName = Release;
		};
/* End XCConfigurationList section */
	};
	rootObject = 2C25FF5E1D90321D003819A9 /* Project object */;
}
