// !$*UTF8*$!
{
	archiveVersion = 1;
	classes = {
	};
	objectVersion = 46;
	objects = {

/* Begin PBXBuildFile section */
		2C25FF6B1D90321D003819A9 /* main.m in Sources */ = {isa = PBXBuildFile; fileRef = 2C25FF6A1D90321D003819A9 /* main.m */; };
		2C25FF6E1D90321D003819A9 /* AppDelegate.m in Sources */ = {isa = PBXBuildFile; fileRef = 2C25FF6D1D90321D003819A9 /* AppDelegate.m */; };
		2C25FF711D90321D003819A9 /* ViewController.m in Sources */ = {isa = PBXBuildFile; fileRef = 2C25FF701D90321D003819A9 /* ViewController.m */; };
		2C25FF741D90321D003819A9 /* Main.storyboard in Resources */ = {isa = PBXBuildFile; fileRef = 2C25FF721D90321D003819A9 /* Main.storyboard */; };
		2C25FF761D90321D003819A9 /* Assets.xcassets in Resources */ = {isa = PBXBuildFile; fileRef = 2C25FF751D90321D003819A9 /* Assets.xcassets */; };
		2C25FF791D90321D003819A9 /* LaunchScreen.storyboard in Resources */ = {isa = PBXBuildFile; fileRef = 2C25FF771D90321D003819A9 /* LaunchScreen.storyboard */; };
		2C25FF841D90321D003819A9 /* ChemineesValleeTests.m in Sources */ = {isa = PBXBuildFile; fileRef = 2C25FF831D90321D003819A9 /* ChemineesValleeTests.m */; };
		2C25FF8F1D90321D003819A9 /* ChemineesValleeUITests.m in Sources */ = {isa = PBXBuildFile; fileRef = 2C25FF8E1D90321D003819A9 /* ChemineesValleeUITests.m */; };
/* End PBXBuildFile section */

/* Begin PBXContainerItemProxy section */
		2C25FF801D90321D003819A9 /* PBXContainerItemProxy */ = {
			isa = PBXContainerItemProxy;
			containerPortal = 2C25FF5E1D90321D003819A9 /* Project object */;
			proxyType = 1;
			remoteGlobalIDString = 2C25FF651D90321D003819A9;
			remoteInfo = ChemineesVallee;
		};
		2C25FF8B1D90321D003819A9 /* PBXContainerItemProxy */ = {
			isa = PBXContainerItemProxy;
			containerPortal = 2C25FF5E1D90321D003819A9 /* Project object */;
			proxyType = 1;
			remoteGlobalIDString = 2C25FF651D90321D003819A9;
			remoteInfo = ChemineesVallee;
		};
/* End PBXContainerItemProxy section */

/* Begin PBXFileReference section */
		2C25FF661D90321D003819A9 /* ChemineesVallee.app */ = {isa = PBXFileReference; explicitFileType = wrapper.application; includeInIndex = 0; path = ChemineesVallee.app; sourceTree = BUILT_PRODUCTS_DIR; };
		2C25FF6A1D90321D003819A9 /* main.m */ = {isa = PBXFileReference; lastKnownFileType = sourcecode.c.objc; path = main.m; sourceTree = "<group>"; };
		2C25FF6C1D90321D003819A9 /* AppDelegate.h */ = {isa = PBXFileReference; lastKnownFileType = sourcecode.c.h; path = AppDelegate.h; sourceTree = "<group>"; };
		2C25FF6D1D90321D003819A9 /* AppDelegate.m */ = {isa = PBXFileReference; lastKnownFileType = sourcecode.c.objc; path = AppDelegate.m; sourceTree = "<group>"; };
		2C25FF6F1D90321D003819A9 /* ViewController.h */ = {isa = PBXFileReference; lastKnownFileType = sourcecode.c.h; path = ViewController.h; sourceTree = "<group>"; };
		2C25FF701D90321D003819A9 /* ViewController.m */ = {isa = PBXFileReference; lastKnownFileType = sourcecode.c.objc; path = ViewController.m; sourceTree = "<group>"; };
		2C25FF731D90321D003819A9 /* Base */ = {isa = PBXFileReference; lastKnownFileType = file.storyboard; name = Base; path = Base.lproj/Main.storyboard; sourceTree = "<group>"; };
		2C25FF751D90321D003819A9 /* Assets.xcassets */ = {isa = PBXFileReference; lastKnownFileType = folder.assetcatalog; path = Assets.xcassets; sourceTree = "<group>"; };
		2C25FF781D90321D003819A9 /* Base */ = {isa = PBXFileReference; lastKnownFileType = file.storyboard; name = Base; path = Base.lproj/LaunchScreen.storyboard; sourceTree = "<group>"; };
		2C25FF7A1D90321D003819A9 /* Info.plist */ = {isa = PBXFileReference; lastKnownFileType = text.plist.xml; path = Info.plist; sourceTree = "<group>"; };
		2C25FF7F1D90321D003819A9 /* ChemineesValleeTests.xctest */ = {isa = PBXFileReference; explicitFileType = wrapper.cfbundle; includeInIndex = 0; path = ChemineesValleeTests.xctest; sourceTree = BUILT_PRODUCTS_DIR; };
		2C25FF831D90321D003819A9 /* ChemineesValleeTests.m */ = {isa = PBXFileReference; lastKnownFileType = sourcecode.c.objc; path = ChemineesValleeTests.m; sourceTree = "<group>"; };
		2C25FF851D90321D003819A9 /* Info.plist */ = {isa = PBXFileReference; lastKnownFileType = text.plist.xml; path = Info.plist; sourceTree = "<group>"; };
		2C25FF8A1D90321D003819A9 /* ChemineesValleeUITests.xctest */ = {isa = PBXFileReference; explicitFileType = wrapper.cfbundle; includeInIndex = 0; path = ChemineesValleeUITests.xctest; sourceTree = BUILT_PRODUCTS_DIR; };
		2C25FF8E1D90321D003819A9 /* ChemineesValleeUITests.m */ = {isa = PBXFileReference; lastKnownFileType = sourcecode.c.objc; path = ChemineesValleeUITests.m; sourceTree = "<group>"; };
		2C25FF901D90321D003819A9 /* Info.plist */ = {isa = PBXFileReference; lastKnownFileType = text.plist.xml; path = Info.plist; sourceTree = "<group>"; };
/* End PBXFileReference section */

/* Begin PBXFrameworksBuildPhase section */
		2C25FF631D90321D003819A9 /* Frameworks */ = {
			isa = PBXFrameworksBuildPhase;
			buildActionMask = 2147483647;
			files = (
			);
			runOnlyForDeploymentPostprocessing = 0;
		};
		2C25FF7C1D90321D003819A9 /* Frameworks */ = {
			isa = PBXFrameworksBuildPhase;
			buildActionMask = 2147483647;
			files = (
			);
			runOnlyForDeploymentPostprocessing = 0;
		};
		2C25FF871D90321D003819A9 /* Frameworks */ = {
			isa = PBXFrameworksBuildPhase;
			buildActionMask = 2147483647;
			files = (
			);
			runOnlyForDeploymentPostprocessing = 0;
		};
/* End PBXFrameworksBuildPhase section */

/* Begin PBXGroup section */
		2C25FF5D1D90321D003819A9 = {
			isa = PBXGroup;
			children = (
				2C25FF681D90321D003819A9 /* ChemineesVallee */,
				2C25FF821D90321D003819A9 /* ChemineesValleeTests */,
				2C25FF8D1D90321D003819A9 /* ChemineesValleeUITests */,
				2C25FF671D90321D003819A9 /* Products */,
			);
			sourceTree = "<group>";
		};
		2C25FF671D90321D003819A9 /* Products */ = {
			isa = PBXGroup;
			children = (
				2C25FF661D90321D003819A9 /* ChemineesVallee.app */,
				2C25FF7F1D90321D003819A9 /* ChemineesValleeTests.xctest */,
				2C25FF8A1D90321D003819A9 /* ChemineesValleeUITests.xctest */,
			);
			name = Products;
			sourceTree = "<group>";
		};
		2C25FF681D90321D003819A9 /* ChemineesVallee */ = {
			isa = PBXGroup;
			children = (
				2C25FF6C1D90321D003819A9 /* AppDelegate.h */,
				2C25FF6D1D90321D003819A9 /* AppDelegate.m */,
				2C25FF6F1D90321D003819A9 /* ViewController.h */,
				2C25FF701D90321D003819A9 /* ViewController.m */,
				2C25FF721D90321D003819A9 /* Main.storyboard */,
				2C25FF751D90321D003819A9 /* Assets.xcassets */,
				2C25FF771D90321D003819A9 /* LaunchScreen.storyboard */,
				2C25FF7A1D90321D003819A9 /* Info.plist */,
				2C25FF691D90321D003819A9 /* Supporting Files */,
			);
			path = ChemineesVallee;
			sourceTree = "<group>";
		};
		2C25FF691D90321D003819A9 /* Supporting Files */ = {
			isa = PBXGroup;
			children = (
				2C25FF6A1D90321D003819A9 /* main.m */,
			);
			name = "Supporting Files";
			sourceTree = "<group>";
		};
		2C25FF821D90321D003819A9 /* ChemineesValleeTests */ = {
			isa = PBXGroup;
			children = (
				2C25FF831D90321D003819A9 /* ChemineesValleeTests.m */,
				2C25FF851D90321D003819A9 /* Info.plist */,
			);
			path = ChemineesValleeTests;
			sourceTree = "<group>";
		};
		2C25FF8D1D90321D003819A9 /* ChemineesValleeUITests */ = {
			isa = PBXGroup;
			children = (
				2C25FF8E1D90321D003819A9 /* ChemineesValleeUITests.m */,
				2C25FF901D90321D003819A9 /* Info.plist */,
			);
			path = ChemineesValleeUITests;
			sourceTree = "<group>";
		};
/* End PBXGroup section */

/* Begin PBXNativeTarget section */
		2C25FF651D90321D003819A9 /* ChemineesVallee */ = {
			isa = PBXNativeTarget;
			buildConfigurationList = 2C25FF931D90321D003819A9 /* Build configuration list for PBXNativeTarget "ChemineesVallee" */;
			buildPhases = (
				2C25FF621D90321D003819A9 /* Sources */,
				2C25FF631D90321D003819A9 /* Frameworks */,
				2C25FF641D90321D003819A9 /* Resources */,
			);
			buildRules = (
			);
			dependencies = (
			);
			name = ChemineesVallee;
			productName = ChemineesVallee;
			productReference = 2C25FF661D90321D003819A9 /* ChemineesVallee.app */;
			productType = "com.apple.product-type.application";
		};
		2C25FF7E1D90321D003819A9 /* ChemineesValleeTests */ = {
			isa = PBXNativeTarget;
			buildConfigurationList = 2C25FF961D90321D003819A9 /* Build configuration list for PBXNativeTarget "ChemineesValleeTests" */;
			buildPhases = (
				2C25FF7B1D90321D003819A9 /* Sources */,
				2C25FF7C1D90321D003819A9 /* Frameworks */,
				2C25FF7D1D90321D003819A9 /* Resources */,
			);
			buildRules = (
			);
			dependencies = (
				2C25FF811D90321D003819A9 /* PBXTargetDependency */,
			);
			name = ChemineesValleeTests;
			productName = ChemineesValleeTests;
			productReference = 2C25FF7F1D90321D003819A9 /* ChemineesValleeTests.xctest */;
			productType = "com.apple.product-type.bundle.unit-test";
		};
		2C25FF891D90321D003819A9 /* ChemineesValleeUITests */ = {
			isa = PBXNativeTarget;
			buildConfigurationList = 2C25FF991D90321D003819A9 /* Build configuration list for PBXNativeTarget "ChemineesValleeUITests" */;
			buildPhases = (
				2C25FF861D90321D003819A9 /* Sources */,
				2C25FF871D90321D003819A9 /* Frameworks */,
				2C25FF881D90321D003819A9 /* Resources */,
			);
			buildRules = (
			);
			dependencies = (
				2C25FF8C1D90321D003819A9 /* PBXTargetDependency */,
			);
			name = ChemineesValleeUITests;
			productName = ChemineesValleeUITests;
			productReference = 2C25FF8A1D90321D003819A9 /* ChemineesValleeUITests.xctest */;
			productType = "com.apple.product-type.bundle.ui-testing";
		};
/* End PBXNativeTarget section */

/* Begin PBXProject section */
		2C25FF5E1D90321D003819A9 /* Project object */ = {
			isa = PBXProject;
			attributes = {
				LastUpgradeCheck = 0800;
				ORGANIZATIONNAME = "Vincent Jardel";
				TargetAttributes = {
					2C25FF651D90321D003819A9 = {
						CreatedOnToolsVersion = 8.0;
						DevelopmentTeam = 2NB67X8DYS;
						ProvisioningStyle = Automatic;
					};
					2C25FF7E1D90321D003819A9 = {
						CreatedOnToolsVersion = 8.0;
						DevelopmentTeam = 2NB67X8DYS;
						ProvisioningStyle = Automatic;
						TestTargetID = 2C25FF651D90321D003819A9;
					};
					2C25FF891D90321D003819A9 = {
						CreatedOnToolsVersion = 8.0;
						DevelopmentTeam = 2NB67X8DYS;
						ProvisioningStyle = Automatic;
						TestTargetID = 2C25FF651D90321D003819A9;
					};
				};
			};
			buildConfigurationList = 2C25FF611D90321D003819A9 /* Build configuration list for PBXProject "ChemineesVallee" */;
			compatibilityVersion = "Xcode 3.2";
			developmentRegion = English;
			hasScannedForEncodings = 0;
			knownRegions = (
				en,
				Base,
			);
			mainGroup = 2C25FF5D1D90321D003819A9;
			productRefGroup = 2C25FF671D90321D003819A9 /* Products */;
			projectDirPath = "";
			projectRoot = "";
			targets = (
				2C25FF651D90321D003819A9 /* ChemineesVallee */,
				2C25FF7E1D90321D003819A9 /* ChemineesValleeTests */,
				2C25FF891D90321D003819A9 /* ChemineesValleeUITests */,
			);
		};
/* End PBXProject section */

/* Begin PBXResourcesBuildPhase section */
		2C25FF641D90321D003819A9 /* Resources */ = {
			isa = PBXResourcesBuildPhase;
			buildActionMask = 2147483647;
			files = (
				2C25FF791D90321D003819A9 /* LaunchScreen.storyboard in Resources */,
				2C25FF761D90321D003819A9 /* Assets.xcassets in Resources */,
				2C25FF741D90321D003819A9 /* Main.storyboard in Resources */,
			);
			runOnlyForDeploymentPostprocessing = 0;
		};
		2C25FF7D1D90321D003819A9 /* Resources */ = {
			isa = PBXResourcesBuildPhase;
			buildActionMask = 2147483647;
			files = (
			);
			runOnlyForDeploymentPostprocessing = 0;
		};
		2C25FF881D90321D003819A9 /* Resources */ = {
			isa = PBXResourcesBuildPhase;
			buildActionMask = 2147483647;
			files = (
			);
			runOnlyForDeploymentPostprocessing = 0;
		};
/* End PBXResourcesBuildPhase section */

/* Begin PBXSourcesBuildPhase section */
		2C25FF621D90321D003819A9 /* Sources */ = {
			isa = PBXSourcesBuildPhase;
			buildActionMask = 2147483647;
			files = (
				2C25FF711D90321D003819A9 /* ViewController.m in Sources */,
				2C25FF6E1D90321D003819A9 /* AppDelegate.m in Sources */,
				2C25FF6B1D90321D003819A9 /* main.m in Sources */,
			);
			runOnlyForDeploymentPostprocessing = 0;
		};
		2C25FF7B1D90321D003819A9 /* Sources */ = {
			isa = PBXSourcesBuildPhase;
			buildActionMask = 2147483647;
			files = (
				2C25FF841D90321D003819A9 /* ChemineesValleeTests.m in Sources */,
			);
			runOnlyForDeploymentPostprocessing = 0;
		};
		2C25FF861D90321D003819A9 /* Sources */ = {
			isa = PBXSourcesBuildPhase;
			buildActionMask = 2147483647;
			files = (
				2C25FF8F1D90321D003819A9 /* ChemineesValleeUITests.m in Sources */,
			);
			runOnlyForDeploymentPostprocessing = 0;
		};
/* End PBXSourcesBuildPhase section */

/* Begin PBXTargetDependency section */
		2C25FF811D90321D003819A9 /* PBXTargetDependency */ = {
			isa = PBXTargetDependency;
			target = 2C25FF651D90321D003819A9 /* ChemineesVallee */;
			targetProxy = 2C25FF801D90321D003819A9 /* PBXContainerItemProxy */;
		};
		2C25FF8C1D90321D003819A9 /* PBXTargetDependency */ = {
			isa = PBXTargetDependency;
			target = 2C25FF651D90321D003819A9 /* ChemineesVallee */;
			targetProxy = 2C25FF8B1D90321D003819A9 /* PBXContainerItemProxy */;
		};
/* End PBXTargetDependency section */

/* Begin PBXVariantGroup section */
		2C25FF721D90321D003819A9 /* Main.storyboard */ = {
			isa = PBXVariantGroup;
			children = (
				2C25FF731D90321D003819A9 /* Base */,
			);
			name = Main.storyboard;
			sourceTree = "<group>";
		};
		2C25FF771D90321D003819A9 /* LaunchScreen.storyboard */ = {
			isa = PBXVariantGroup;
			children = (
				2C25FF781D90321D003819A9 /* Base */,
			);
			name = LaunchScreen.storyboard;
			sourceTree = "<group>";
		};
/* End PBXVariantGroup section */

/* Begin XCBuildConfiguration section */
		2C25FF911D90321D003819A9 /* Debug */ = {
			isa = XCBuildConfiguration;
			buildSettings = {
				ALWAYS_SEARCH_USER_PATHS = NO;
				CLANG_ANALYZER_NONNULL = YES;
				CLANG_CXX_LANGUAGE_STANDARD = "gnu++0x";
				CLANG_CXX_LIBRARY = "libc++";
				CLANG_ENABLE_MODULES = YES;
				CLANG_ENABLE_OBJC_ARC = YES;
				CLANG_WARN_BOOL_CONVERSION = YES;
				CLANG_WARN_CONSTANT_CONVERSION = YES;
				CLANG_WARN_DIRECT_OBJC_ISA_USAGE = YES_ERROR;
				CLANG_WARN_DOCUMENTATION_COMMENTS = YES;
				CLANG_WARN_EMPTY_BODY = YES;
				CLANG_WARN_ENUM_CONVERSION = YES;
				CLANG_WARN_INFINITE_RECURSION = YES;
				CLANG_WARN_INT_CONVERSION = YES;
				CLANG_WARN_OBJC_ROOT_CLASS = YES_ERROR;
				CLANG_WARN_SUSPICIOUS_MOVES = YES;
				CLANG_WARN_UNREACHABLE_CODE = YES;
				CLANG_WARN__DUPLICATE_METHOD_MATCH = YES;
				"CODE_SIGN_IDENTITY[sdk=iphoneos*]" = "iPhone Developer";
				COPY_PHASE_STRIP = NO;
				DEBUG_INFORMATION_FORMAT = dwarf;
				ENABLE_STRICT_OBJC_MSGSEND = YES;
				ENABLE_TESTABILITY = YES;
				GCC_C_LANGUAGE_STANDARD = gnu99;
				GCC_DYNAMIC_NO_PIC = NO;
				GCC_NO_COMMON_BLOCKS = YES;
				GCC_OPTIMIZATION_LEVEL = 0;
				GCC_PREPROCESSOR_DEFINITIONS = (
					"DEBUG=1",
					"$(inherited)",
				);
				GCC_WARN_64_TO_32_BIT_CONVERSION = YES;
				GCC_WARN_ABOUT_RETURN_TYPE = YES_ERROR;
				GCC_WARN_UNDECLARED_SELECTOR = YES;
				GCC_WARN_UNINITIALIZED_AUTOS = YES_AGGRESSIVE;
				GCC_WARN_UNUSED_FUNCTION = YES;
				GCC_WARN_UNUSED_VARIABLE = YES;
				IPHONEOS_DEPLOYMENT_TARGET = 10.0;
				MTL_ENABLE_DEBUG_INFO = YES;
				ONLY_ACTIVE_ARCH = YES;
				SDKROOT = iphoneos;
				TARGETED_DEVICE_FAMILY = "1,2";
			};
			name = Debug;
		};
		2C25FF921D90321D003819A9 /* Release */ = {
			isa = XCBuildConfiguration;
			buildSettings = {
				ALWAYS_SEARCH_USER_PATHS = NO;
				CLANG_ANALYZER_NONNULL = YES;
				CLANG_CXX_LANGUAGE_STANDARD = "gnu++0x";
				CLANG_CXX_LIBRARY = "libc++";
				CLANG_ENABLE_MODULES = YES;
				CLANG_ENABLE_OBJC_ARC = YES;
				CLANG_WARN_BOOL_CONVERSION = YES;
				CLANG_WARN_CONSTANT_CONVERSION = YES;
				CLANG_WARN_DIRECT_OBJC_ISA_USAGE = YES_ERROR;
				CLANG_WARN_DOCUMENTATION_COMMENTS = YES;
				CLANG_WARN_EMPTY_BODY = YES;
				CLANG_WARN_ENUM_CONVERSION = YES;
				CLANG_WARN_INFINITE_RECURSION = YES;
				CLANG_WARN_INT_CONVERSION = YES;
				CLANG_WARN_OBJC_ROOT_CLASS = YES_ERROR;
				CLANG_WARN_SUSPICIOUS_MOVES = YES;
				CLANG_WARN_UNREACHABLE_CODE = YES;
				CLANG_WARN__DUPLICATE_METHOD_MATCH = YES;
				"CODE_SIGN_IDENTITY[sdk=iphoneos*]" = "iPhone Developer";
				COPY_PHASE_STRIP = NO;
				DEBUG_INFORMATION_FORMAT = "dwarf-with-dsym";
				ENABLE_NS_ASSERTIONS = NO;
				ENABLE_STRICT_OBJC_MSGSEND = YES;
				GCC_C_LANGUAGE_STANDARD = gnu99;
				GCC_NO_COMMON_BLOCKS = YES;
				GCC_WARN_64_TO_32_BIT_CONVERSION = YES;
				GCC_WARN_ABOUT_RETURN_TYPE = YES_ERROR;
				GCC_WARN_UNDECLARED_SELECTOR = YES;
				GCC_WARN_UNINITIALIZED_AUTOS = YES_AGGRESSIVE;
				GCC_WARN_UNUSED_FUNCTION = YES;
				GCC_WARN_UNUSED_VARIABLE = YES;
				IPHONEOS_DEPLOYMENT_TARGET = 10.0;
				MTL_ENABLE_DEBUG_INFO = NO;
				SDKROOT = iphoneos;
				TARGETED_DEVICE_FAMILY = "1,2";
				VALIDATE_PRODUCT = YES;
			};
			name = Release;
		};
		2C25FF941D90321D003819A9 /* Debug */ = {
			isa = XCBuildConfiguration;
			buildSettings = {
				ASSETCATALOG_COMPILER_APPICON_NAME = AppIcon;
				DEVELOPMENT_TEAM = 2NB67X8DYS;
				INFOPLIST_FILE = ChemineesVallee/Info.plist;
				LD_RUNPATH_SEARCH_PATHS = "$(inherited) @executable_path/Frameworks";
				PRODUCT_BUNDLE_IDENTIFIER = JardelCompany.ChemineesVallee;
				PRODUCT_NAME = "$(TARGET_NAME)";
			};
			name = Debug;
		};
		2C25FF951D90321D003819A9 /* Release */ = {
			isa = XCBuildConfiguration;
			buildSettings = {
				ASSETCATALOG_COMPILER_APPICON_NAME = AppIcon;
				DEVELOPMENT_TEAM = 2NB67X8DYS;
				INFOPLIST_FILE = ChemineesVallee/Info.plist;
				LD_RUNPATH_SEARCH_PATHS = "$(inherited) @executable_path/Frameworks";
				PRODUCT_BUNDLE_IDENTIFIER = JardelCompany.ChemineesVallee;
				PRODUCT_NAME = "$(TARGET_NAME)";
			};
			name = Release;
		};
		2C25FF971D90321D003819A9 /* Debug */ = {
			isa = XCBuildConfiguration;
			buildSettings = {
				BUNDLE_LOADER = "$(TEST_HOST)";
				DEVELOPMENT_TEAM = 2NB67X8DYS;
				INFOPLIST_FILE = ChemineesValleeTests/Info.plist;
				LD_RUNPATH_SEARCH_PATHS = "$(inherited) @executable_path/Frameworks @loader_path/Frameworks";
				PRODUCT_BUNDLE_IDENTIFIER = JardelCompany.ChemineesValleeTests;
				PRODUCT_NAME = "$(TARGET_NAME)";
				TEST_HOST = "$(BUILT_PRODUCTS_DIR)/ChemineesVallee.app/ChemineesVallee";
			};
			name = Debug;
		};
		2C25FF981D90321D003819A9 /* Release */ = {
			isa = XCBuildConfiguration;
			buildSettings = {
				BUNDLE_LOADER = "$(TEST_HOST)";
				DEVELOPMENT_TEAM = 2NB67X8DYS;
				INFOPLIST_FILE = ChemineesValleeTests/Info.plist;
				LD_RUNPATH_SEARCH_PATHS = "$(inherited) @executable_path/Frameworks @loader_path/Frameworks";
				PRODUCT_BUNDLE_IDENTIFIER = JardelCompany.ChemineesValleeTests;
				PRODUCT_NAME = "$(TARGET_NAME)";
				TEST_HOST = "$(BUILT_PRODUCTS_DIR)/ChemineesVallee.app/ChemineesVallee";
			};
			name = Release;
		};
		2C25FF9A1D90321D003819A9 /* Debug */ = {
			isa = XCBuildConfiguration;
			buildSettings = {
				DEVELOPMENT_TEAM = 2NB67X8DYS;
				INFOPLIST_FILE = ChemineesValleeUITests/Info.plist;
				LD_RUNPATH_SEARCH_PATHS = "$(inherited) @executable_path/Frameworks @loader_path/Frameworks";
				PRODUCT_BUNDLE_IDENTIFIER = JardelCompany.ChemineesValleeUITests;
				PRODUCT_NAME = "$(TARGET_NAME)";
				TEST_TARGET_NAME = ChemineesVallee;
			};
			name = Debug;
		};
		2C25FF9B1D90321D003819A9 /* Release */ = {
			isa = XCBuildConfiguration;
			buildSettings = {
				DEVELOPMENT_TEAM = 2NB67X8DYS;
				INFOPLIST_FILE = ChemineesValleeUITests/Info.plist;
				LD_RUNPATH_SEARCH_PATHS = "$(inherited) @executable_path/Frameworks @loader_path/Frameworks";
				PRODUCT_BUNDLE_IDENTIFIER = JardelCompany.ChemineesValleeUITests;
				PRODUCT_NAME = "$(TARGET_NAME)";
				TEST_TARGET_NAME = ChemineesVallee;
			};
			name = Release;
		};
/* End XCBuildConfiguration section */

/* Begin XCConfigurationList section */
		2C25FF611D90321D003819A9 /* Build configuration list for PBXProject "ChemineesVallee" */ = {
			isa = XCConfigurationList;
			buildConfigurations = (
				2C25FF911D90321D003819A9 /* Debug */,
				2C25FF921D90321D003819A9 /* Release */,
			);
			defaultConfigurationIsVisible = 0;
			defaultConfigurationName = Release;
		};
		2C25FF931D90321D003819A9 /* Build configuration list for PBXNativeTarget "ChemineesVallee" */ = {
			isa = XCConfigurationList;
			buildConfigurations = (
				2C25FF941D90321D003819A9 /* Debug */,
				2C25FF951D90321D003819A9 /* Release */,
			);
			defaultConfigurationIsVisible = 0;
		};
		2C25FF961D90321D003819A9 /* Build configuration list for PBXNativeTarget "ChemineesValleeTests" */ = {
			isa = XCConfigurationList;
			buildConfigurations = (
				2C25FF971D90321D003819A9 /* Debug */,
				2C25FF981D90321D003819A9 /* Release */,
			);
			defaultConfigurationIsVisible = 0;
		};
		2C25FF991D90321D003819A9 /* Build configuration list for PBXNativeTarget "ChemineesValleeUITests" */ = {
			isa = XCConfigurationList;
			buildConfigurations = (
				2C25FF9A1D90321D003819A9 /* Debug */,
				2C25FF9B1D90321D003819A9 /* Release */,
			);
			defaultConfigurationIsVisible = 0;
		};
/* End XCConfigurationList section */
	};
	rootObject = 2C25FF5E1D90321D003819A9 /* Project object */;
}
